// !$*UTF8*$!
{
	archiveVersion = 1;
	classes = {
	};
	objectVersion = 46;
	objects = {

/* Begin PBXBuildFile section */
		E22A93EF1D2BD499001C027C /* DiaryView.swift in Sources */ = {isa = PBXBuildFile; fileRef = E22A93EE1D2BD499001C027C /* DiaryView.swift */; };
		E22A93F11D2BDBED001C027C /* ContactPresenter.swift in Sources */ = {isa = PBXBuildFile; fileRef = E22A93F01D2BDBED001C027C /* ContactPresenter.swift */; };
		E25453DB1D2EFD3600D8F133 /* DiaryViewController.swift in Sources */ = {isa = PBXBuildFile; fileRef = E25453DA1D2EFD3600D8F133 /* DiaryViewController.swift */; };
		E2CE08881D2FB89100DF0FAB /* TBDelegate.swift in Sources */ = {isa = PBXBuildFile; fileRef = E2CE08871D2FB89100DF0FAB /* TBDelegate.swift */; };
		E2CE088A1D2FB98A00DF0FAB /* TBDataSource.swift in Sources */ = {isa = PBXBuildFile; fileRef = E2CE08891D2FB98A00DF0FAB /* TBDataSource.swift */; };
		E2D7765C1D2E9DCD00C5C157 /* MockDiaryRepository.swift in Sources */ = {isa = PBXBuildFile; fileRef = E2D7765B1D2E9DCD00C5C157 /* MockDiaryRepository.swift */; };
		E2D776601D2EA23400C5C157 /* Injector.swift in Sources */ = {isa = PBXBuildFile; fileRef = E2D7765F1D2EA23400C5C157 /* Injector.swift */; };
		E2D7CF821D2FD68B00E010D0 /* DiaryPresenter.swift in Sources */ = {isa = PBXBuildFile; fileRef = E2D7CF811D2FD68B00E010D0 /* DiaryPresenter.swift */; };
		E2DD7BDC1D2E940A00414779 /* GetAllContacts.swift in Sources */ = {isa = PBXBuildFile; fileRef = E2DD7BDB1D2E940A00414779 /* GetAllContacts.swift */; };
		E2DD7BDE1D2E942C00414779 /* CreateContact.swift in Sources */ = {isa = PBXBuildFile; fileRef = E2DD7BDD1D2E942C00414779 /* CreateContact.swift */; };
		E2DD7BE01D2E947200414779 /* UseCases.swift in Sources */ = {isa = PBXBuildFile; fileRef = E2DD7BDF1D2E947200414779 /* UseCases.swift */; };
		E2DD7BE31D2E964900414779 /* DiaryRepository.swift in Sources */ = {isa = PBXBuildFile; fileRef = E2DD7BE21D2E964900414779 /* DiaryRepository.swift */; };
		E2EF82CE1D2C5BAA00625361 /* ContactViewController.swift in Sources */ = {isa = PBXBuildFile; fileRef = E2EF82CD1D2C5BAA00625361 /* ContactViewController.swift */; };
		E2FEFE6A1D2AEEA50071C358 /* AppDelegate.swift in Sources */ = {isa = PBXBuildFile; fileRef = E2FEFE691D2AEEA50071C358 /* AppDelegate.swift */; };
		E2FEFE711D2AEEA50071C358 /* Main.storyboard in Resources */ = {isa = PBXBuildFile; fileRef = E2FEFE6F1D2AEEA50071C358 /* Main.storyboard */; };
		E2FEFE731D2AEEA50071C358 /* Assets.xcassets in Resources */ = {isa = PBXBuildFile; fileRef = E2FEFE721D2AEEA50071C358 /* Assets.xcassets */; };
		E2FEFE761D2AEEA50071C358 /* LaunchScreen.storyboard in Resources */ = {isa = PBXBuildFile; fileRef = E2FEFE741D2AEEA50071C358 /* LaunchScreen.storyboard */; };
		E2FEFE811D2AEEA50071C358 /* Kata_Contacts_Swift_UITests.swift in Sources */ = {isa = PBXBuildFile; fileRef = E2FEFE801D2AEEA50071C358 /* Kata_Contacts_Swift_UITests.swift */; };
		E2FEFE8C1D2AEEA50071C358 /* Kata_Contacts_Swift_UIUITests.swift in Sources */ = {isa = PBXBuildFile; fileRef = E2FEFE8B1D2AEEA50071C358 /* Kata_Contacts_Swift_UIUITests.swift */; };
		E2FEFEA01D2AF0630071C358 /* Contact.swift in Sources */ = {isa = PBXBuildFile; fileRef = E2FEFE9F1D2AF0630071C358 /* Contact.swift */; };
		E2FEFEA41D2AF41C0071C358 /* InMemoryDiaryRepository.swift in Sources */ = {isa = PBXBuildFile; fileRef = E2FEFEA31D2AF41C0071C358 /* InMemoryDiaryRepository.swift */; };
/* End PBXBuildFile section */

/* Begin PBXContainerItemProxy section */
		E2FEFE7D1D2AEEA50071C358 /* PBXContainerItemProxy */ = {
			isa = PBXContainerItemProxy;
			containerPortal = E2FEFE5E1D2AEEA50071C358 /* Project object */;
			proxyType = 1;
			remoteGlobalIDString = E2FEFE651D2AEEA50071C358;
			remoteInfo = "Kata-Contacts-Swift-UI";
		};
		E2FEFE881D2AEEA50071C358 /* PBXContainerItemProxy */ = {
			isa = PBXContainerItemProxy;
			containerPortal = E2FEFE5E1D2AEEA50071C358 /* Project object */;
			proxyType = 1;
			remoteGlobalIDString = E2FEFE651D2AEEA50071C358;
			remoteInfo = "Kata-Contacts-Swift-UI";
		};
/* End PBXContainerItemProxy section */

/* Begin PBXFileReference section */
		E22A93EE1D2BD499001C027C /* DiaryView.swift */ = {isa = PBXFileReference; fileEncoding = 4; lastKnownFileType = sourcecode.swift; path = DiaryView.swift; sourceTree = "<group>"; };
		E22A93F01D2BDBED001C027C /* ContactPresenter.swift */ = {isa = PBXFileReference; fileEncoding = 4; lastKnownFileType = sourcecode.swift; path = ContactPresenter.swift; sourceTree = "<group>"; };
		E25453DA1D2EFD3600D8F133 /* DiaryViewController.swift */ = {isa = PBXFileReference; fileEncoding = 4; lastKnownFileType = sourcecode.swift; path = DiaryViewController.swift; sourceTree = "<group>"; };
		E2CE08871D2FB89100DF0FAB /* TBDelegate.swift */ = {isa = PBXFileReference; fileEncoding = 4; lastKnownFileType = sourcecode.swift; path = TBDelegate.swift; sourceTree = "<group>"; };
		E2CE08891D2FB98A00DF0FAB /* TBDataSource.swift */ = {isa = PBXFileReference; fileEncoding = 4; lastKnownFileType = sourcecode.swift; path = TBDataSource.swift; sourceTree = "<group>"; };
		E2D7765B1D2E9DCD00C5C157 /* MockDiaryRepository.swift */ = {isa = PBXFileReference; fileEncoding = 4; lastKnownFileType = sourcecode.swift; path = MockDiaryRepository.swift; sourceTree = "<group>"; };
		E2D7765F1D2EA23400C5C157 /* Injector.swift */ = {isa = PBXFileReference; fileEncoding = 4; lastKnownFileType = sourcecode.swift; path = Injector.swift; sourceTree = "<group>"; };
		E2D7CF811D2FD68B00E010D0 /* DiaryPresenter.swift */ = {isa = PBXFileReference; fileEncoding = 4; lastKnownFileType = sourcecode.swift; path = DiaryPresenter.swift; sourceTree = "<group>"; };
		E2DD7BDB1D2E940A00414779 /* GetAllContacts.swift */ = {isa = PBXFileReference; fileEncoding = 4; lastKnownFileType = sourcecode.swift; path = GetAllContacts.swift; sourceTree = "<group>"; };
		E2DD7BDD1D2E942C00414779 /* CreateContact.swift */ = {isa = PBXFileReference; fileEncoding = 4; lastKnownFileType = sourcecode.swift; path = CreateContact.swift; sourceTree = "<group>"; };
		E2DD7BDF1D2E947200414779 /* UseCases.swift */ = {isa = PBXFileReference; fileEncoding = 4; lastKnownFileType = sourcecode.swift; path = UseCases.swift; sourceTree = "<group>"; };
		E2DD7BE21D2E964900414779 /* DiaryRepository.swift */ = {isa = PBXFileReference; fileEncoding = 4; lastKnownFileType = sourcecode.swift; path = DiaryRepository.swift; sourceTree = "<group>"; };
		E2EF82CD1D2C5BAA00625361 /* ContactViewController.swift */ = {isa = PBXFileReference; fileEncoding = 4; lastKnownFileType = sourcecode.swift; path = ContactViewController.swift; sourceTree = "<group>"; };
		E2FEFE661D2AEEA50071C358 /* Kata-Contacts-Swift-UI.app */ = {isa = PBXFileReference; explicitFileType = wrapper.application; includeInIndex = 0; path = "Kata-Contacts-Swift-UI.app"; sourceTree = BUILT_PRODUCTS_DIR; };
		E2FEFE691D2AEEA50071C358 /* AppDelegate.swift */ = {isa = PBXFileReference; lastKnownFileType = sourcecode.swift; path = AppDelegate.swift; sourceTree = "<group>"; };
		E2FEFE701D2AEEA50071C358 /* Base */ = {isa = PBXFileReference; lastKnownFileType = file.storyboard; name = Base; path = Base.lproj/Main.storyboard; sourceTree = "<group>"; };
		E2FEFE721D2AEEA50071C358 /* Assets.xcassets */ = {isa = PBXFileReference; lastKnownFileType = folder.assetcatalog; path = Assets.xcassets; sourceTree = "<group>"; };
		E2FEFE751D2AEEA50071C358 /* Base */ = {isa = PBXFileReference; lastKnownFileType = file.storyboard; name = Base; path = Base.lproj/LaunchScreen.storyboard; sourceTree = "<group>"; };
		E2FEFE771D2AEEA50071C358 /* Info.plist */ = {isa = PBXFileReference; lastKnownFileType = text.plist.xml; path = Info.plist; sourceTree = "<group>"; };
		E2FEFE7C1D2AEEA50071C358 /* Kata-Contacts-Swift-UITests.xctest */ = {isa = PBXFileReference; explicitFileType = wrapper.cfbundle; includeInIndex = 0; path = "Kata-Contacts-Swift-UITests.xctest"; sourceTree = BUILT_PRODUCTS_DIR; };
		E2FEFE801D2AEEA50071C358 /* Kata_Contacts_Swift_UITests.swift */ = {isa = PBXFileReference; lastKnownFileType = sourcecode.swift; path = Kata_Contacts_Swift_UITests.swift; sourceTree = "<group>"; };
		E2FEFE821D2AEEA50071C358 /* Info.plist */ = {isa = PBXFileReference; lastKnownFileType = text.plist.xml; path = Info.plist; sourceTree = "<group>"; };
		E2FEFE871D2AEEA50071C358 /* Kata-Contacts-Swift-UIUITests.xctest */ = {isa = PBXFileReference; explicitFileType = wrapper.cfbundle; includeInIndex = 0; path = "Kata-Contacts-Swift-UIUITests.xctest"; sourceTree = BUILT_PRODUCTS_DIR; };
		E2FEFE8B1D2AEEA50071C358 /* Kata_Contacts_Swift_UIUITests.swift */ = {isa = PBXFileReference; lastKnownFileType = sourcecode.swift; path = Kata_Contacts_Swift_UIUITests.swift; sourceTree = "<group>"; };
		E2FEFE8D1D2AEEA50071C358 /* Info.plist */ = {isa = PBXFileReference; lastKnownFileType = text.plist.xml; path = Info.plist; sourceTree = "<group>"; };
		E2FEFE9F1D2AF0630071C358 /* Contact.swift */ = {isa = PBXFileReference; fileEncoding = 4; lastKnownFileType = sourcecode.swift; path = Contact.swift; sourceTree = "<group>"; };
		E2FEFEA31D2AF41C0071C358 /* InMemoryDiaryRepository.swift */ = {isa = PBXFileReference; fileEncoding = 4; lastKnownFileType = sourcecode.swift; path = InMemoryDiaryRepository.swift; sourceTree = "<group>"; };
/* End PBXFileReference section */

/* Begin PBXFrameworksBuildPhase section */
		E2FEFE631D2AEEA50071C358 /* Frameworks */ = {
			isa = PBXFrameworksBuildPhase;
			buildActionMask = 2147483647;
			files = (
			);
			runOnlyForDeploymentPostprocessing = 0;
		};
		E2FEFE791D2AEEA50071C358 /* Frameworks */ = {
			isa = PBXFrameworksBuildPhase;
			buildActionMask = 2147483647;
			files = (
			);
			runOnlyForDeploymentPostprocessing = 0;
		};
		E2FEFE841D2AEEA50071C358 /* Frameworks */ = {
			isa = PBXFrameworksBuildPhase;
			buildActionMask = 2147483647;
			files = (
			);
			runOnlyForDeploymentPostprocessing = 0;
		};
/* End PBXFrameworksBuildPhase section */

/* Begin PBXGroup section */
		E2D776591D2E9D6700C5C157 /* Mock */ = {
			isa = PBXGroup;
			children = (
				E2D7765B1D2E9DCD00C5C157 /* MockDiaryRepository.swift */,
			);
			name = Mock;
			sourceTree = "<group>";
		};
		E2D7765A1D2E9D7700C5C157 /* InMemory */ = {
			isa = PBXGroup;
			children = (
				E2FEFEA31D2AF41C0071C358 /* InMemoryDiaryRepository.swift */,
			);
			name = InMemory;
			sourceTree = "<group>";
		};
		E2DD7BD91D2E917500414779 /* Domain */ = {
			isa = PBXGroup;
			children = (
				E2DD7BDA1D2E918300414779 /* Use Cases */,
				E2FEFE991D2AEFE40071C358 /* model */,
			);
			name = Domain;
			sourceTree = "<group>";
		};
		E2DD7BDA1D2E918300414779 /* Use Cases */ = {
			isa = PBXGroup;
			children = (
				E2DD7BDB1D2E940A00414779 /* GetAllContacts.swift */,
				E2DD7BDD1D2E942C00414779 /* CreateContact.swift */,
				E2DD7BDF1D2E947200414779 /* UseCases.swift */,
			);
			name = "Use Cases";
			sourceTree = "<group>";
		};
		E2DD7BE11D2E963600414779 /* Data */ = {
			isa = PBXGroup;
			children = (
				E2D7765A1D2E9D7700C5C157 /* InMemory */,
				E2D776591D2E9D6700C5C157 /* Mock */,
			);
			name = Data;
			sourceTree = "<group>";
		};
		E2FEFE5D1D2AEEA50071C358 = {
			isa = PBXGroup;
			children = (
				E2FEFE681D2AEEA50071C358 /* Kata-Contacts-Swift-UI */,
				E2FEFE7F1D2AEEA50071C358 /* Kata-Contacts-Swift-UITests */,
				E2FEFE8A1D2AEEA50071C358 /* Kata-Contacts-Swift-UIUITests */,
				E2FEFE671D2AEEA50071C358 /* Products */,
			);
			sourceTree = "<group>";
		};
		E2FEFE671D2AEEA50071C358 /* Products */ = {
			isa = PBXGroup;
			children = (
				E2FEFE661D2AEEA50071C358 /* Kata-Contacts-Swift-UI.app */,
				E2FEFE7C1D2AEEA50071C358 /* Kata-Contacts-Swift-UITests.xctest */,
				E2FEFE871D2AEEA50071C358 /* Kata-Contacts-Swift-UIUITests.xctest */,
			);
			name = Products;
			sourceTree = "<group>";
		};
		E2FEFE681D2AEEA50071C358 /* Kata-Contacts-Swift-UI */ = {
			isa = PBXGroup;
			children = (
				E2DD7BE11D2E963600414779 /* Data */,
				E2DD7BD91D2E917500414779 /* Domain */,
				E2FEFE9E1D2AF0370071C358 /* presenter */,
				E2FEFE9D1D2AF02C0071C358 /* view */,
				E2FEFE691D2AEEA50071C358 /* AppDelegate.swift */,
				E2FEFE6F1D2AEEA50071C358 /* Main.storyboard */,
				E2FEFE721D2AEEA50071C358 /* Assets.xcassets */,
				E2FEFE741D2AEEA50071C358 /* LaunchScreen.storyboard */,
				E2FEFE771D2AEEA50071C358 /* Info.plist */,
				E2D7765F1D2EA23400C5C157 /* Injector.swift */,
			);
			path = "Kata-Contacts-Swift-UI";
			sourceTree = "<group>";
		};
		E2FEFE7F1D2AEEA50071C358 /* Kata-Contacts-Swift-UITests */ = {
			isa = PBXGroup;
			children = (
				E2FEFE801D2AEEA50071C358 /* Kata_Contacts_Swift_UITests.swift */,
				E2FEFE821D2AEEA50071C358 /* Info.plist */,
			);
			path = "Kata-Contacts-Swift-UITests";
			sourceTree = "<group>";
		};
		E2FEFE8A1D2AEEA50071C358 /* Kata-Contacts-Swift-UIUITests */ = {
			isa = PBXGroup;
			children = (
				E2FEFE8B1D2AEEA50071C358 /* Kata_Contacts_Swift_UIUITests.swift */,
				E2FEFE8D1D2AEEA50071C358 /* Info.plist */,
			);
			path = "Kata-Contacts-Swift-UIUITests";
			sourceTree = "<group>";
		};
		E2FEFE991D2AEFE40071C358 /* model */ = {
			isa = PBXGroup;
			children = (
				E2FEFE9F1D2AF0630071C358 /* Contact.swift */,
				E2DD7BE21D2E964900414779 /* DiaryRepository.swift */,
			);
			name = model;
			sourceTree = "<group>";
		};
		E2FEFE9D1D2AF02C0071C358 /* view */ = {
			isa = PBXGroup;
			children = (
				E22A93EE1D2BD499001C027C /* DiaryView.swift */,
				E2EF82CD1D2C5BAA00625361 /* ContactViewController.swift */,
				E25453DA1D2EFD3600D8F133 /* DiaryViewController.swift */,
				E2CE08871D2FB89100DF0FAB /* TBDelegate.swift */,
				E2CE08891D2FB98A00DF0FAB /* TBDataSource.swift */,
			);
			name = view;
			sourceTree = "<group>";
		};
		E2FEFE9E1D2AF0370071C358 /* presenter */ = {
			isa = PBXGroup;
			children = (
				E22A93F01D2BDBED001C027C /* ContactPresenter.swift */,
				E2D7CF811D2FD68B00E010D0 /* DiaryPresenter.swift */,
			);
			name = presenter;
			sourceTree = "<group>";
		};
/* End PBXGroup section */

/* Begin PBXNativeTarget section */
		E2FEFE651D2AEEA50071C358 /* Kata-Contacts-Swift-UI */ = {
			isa = PBXNativeTarget;
			buildConfigurationList = E2FEFE901D2AEEA50071C358 /* Build configuration list for PBXNativeTarget "Kata-Contacts-Swift-UI" */;
			buildPhases = (
				E2FEFE621D2AEEA50071C358 /* Sources */,
				E2FEFE631D2AEEA50071C358 /* Frameworks */,
				E2FEFE641D2AEEA50071C358 /* Resources */,
			);
			buildRules = (
			);
			dependencies = (
			);
			name = "Kata-Contacts-Swift-UI";
			productName = "Kata-Contacts-Swift-UI";
			productReference = E2FEFE661D2AEEA50071C358 /* Kata-Contacts-Swift-UI.app */;
			productType = "com.apple.product-type.application";
		};
		E2FEFE7B1D2AEEA50071C358 /* Kata-Contacts-Swift-UITests */ = {
			isa = PBXNativeTarget;
			buildConfigurationList = E2FEFE931D2AEEA50071C358 /* Build configuration list for PBXNativeTarget "Kata-Contacts-Swift-UITests" */;
			buildPhases = (
				E2FEFE781D2AEEA50071C358 /* Sources */,
				E2FEFE791D2AEEA50071C358 /* Frameworks */,
				E2FEFE7A1D2AEEA50071C358 /* Resources */,
			);
			buildRules = (
			);
			dependencies = (
				E2FEFE7E1D2AEEA50071C358 /* PBXTargetDependency */,
			);
			name = "Kata-Contacts-Swift-UITests";
			productName = "Kata-Contacts-Swift-UITests";
			productReference = E2FEFE7C1D2AEEA50071C358 /* Kata-Contacts-Swift-UITests.xctest */;
			productType = "com.apple.product-type.bundle.unit-test";
		};
		E2FEFE861D2AEEA50071C358 /* Kata-Contacts-Swift-UIUITests */ = {
			isa = PBXNativeTarget;
			buildConfigurationList = E2FEFE961D2AEEA50071C358 /* Build configuration list for PBXNativeTarget "Kata-Contacts-Swift-UIUITests" */;
			buildPhases = (
				E2FEFE831D2AEEA50071C358 /* Sources */,
				E2FEFE841D2AEEA50071C358 /* Frameworks */,
				E2FEFE851D2AEEA50071C358 /* Resources */,
			);
			buildRules = (
			);
			dependencies = (
				E2FEFE891D2AEEA50071C358 /* PBXTargetDependency */,
			);
			name = "Kata-Contacts-Swift-UIUITests";
			productName = "Kata-Contacts-Swift-UIUITests";
			productReference = E2FEFE871D2AEEA50071C358 /* Kata-Contacts-Swift-UIUITests.xctest */;
			productType = "com.apple.product-type.bundle.ui-testing";
		};
/* End PBXNativeTarget section */

/* Begin PBXProject section */
		E2FEFE5E1D2AEEA50071C358 /* Project object */ = {
			isa = PBXProject;
			attributes = {
				LastSwiftUpdateCheck = 0730;
				LastUpgradeCheck = 0730;
				ORGANIZATIONNAME = conradomateu;
				TargetAttributes = {
					E2FEFE651D2AEEA50071C358 = {
						CreatedOnToolsVersion = 7.3;
						DevelopmentTeam = P8T6WXDA9T;
					};
					E2FEFE7B1D2AEEA50071C358 = {
						CreatedOnToolsVersion = 7.3;
						DevelopmentTeam = P8T6WXDA9T;
						TestTargetID = E2FEFE651D2AEEA50071C358;
					};
					E2FEFE861D2AEEA50071C358 = {
						CreatedOnToolsVersion = 7.3;
						DevelopmentTeam = P8T6WXDA9T;
						TestTargetID = E2FEFE651D2AEEA50071C358;
					};
				};
			};
			buildConfigurationList = E2FEFE611D2AEEA50071C358 /* Build configuration list for PBXProject "Kata-Contacts-Swift-UI" */;
			compatibilityVersion = "Xcode 3.2";
			developmentRegion = English;
			hasScannedForEncodings = 0;
			knownRegions = (
				en,
				Base,
			);
			mainGroup = E2FEFE5D1D2AEEA50071C358;
			productRefGroup = E2FEFE671D2AEEA50071C358 /* Products */;
			projectDirPath = "";
			projectRoot = "";
			targets = (
				E2FEFE651D2AEEA50071C358 /* Kata-Contacts-Swift-UI */,
				E2FEFE7B1D2AEEA50071C358 /* Kata-Contacts-Swift-UITests */,
				E2FEFE861D2AEEA50071C358 /* Kata-Contacts-Swift-UIUITests */,
			);
		};
/* End PBXProject section */

/* Begin PBXResourcesBuildPhase section */
		E2FEFE641D2AEEA50071C358 /* Resources */ = {
			isa = PBXResourcesBuildPhase;
			buildActionMask = 2147483647;
			files = (
				E2FEFE761D2AEEA50071C358 /* LaunchScreen.storyboard in Resources */,
				E2FEFE731D2AEEA50071C358 /* Assets.xcassets in Resources */,
				E2FEFE711D2AEEA50071C358 /* Main.storyboard in Resources */,
			);
			runOnlyForDeploymentPostprocessing = 0;
		};
		E2FEFE7A1D2AEEA50071C358 /* Resources */ = {
			isa = PBXResourcesBuildPhase;
			buildActionMask = 2147483647;
			files = (
			);
			runOnlyForDeploymentPostprocessing = 0;
		};
		E2FEFE851D2AEEA50071C358 /* Resources */ = {
			isa = PBXResourcesBuildPhase;
			buildActionMask = 2147483647;
			files = (
			);
			runOnlyForDeploymentPostprocessing = 0;
		};
/* End PBXResourcesBuildPhase section */

/* Begin PBXSourcesBuildPhase section */
		E2FEFE621D2AEEA50071C358 /* Sources */ = {
			isa = PBXSourcesBuildPhase;
			buildActionMask = 2147483647;
			files = (
				E2D7CF821D2FD68B00E010D0 /* DiaryPresenter.swift in Sources */,
				E2FEFEA41D2AF41C0071C358 /* InMemoryDiaryRepository.swift in Sources */,
				E22A93EF1D2BD499001C027C /* DiaryView.swift in Sources */,
				E2EF82CE1D2C5BAA00625361 /* ContactViewController.swift in Sources */,
				E2CE088A1D2FB98A00DF0FAB /* TBDataSource.swift in Sources */,
				E2D776601D2EA23400C5C157 /* Injector.swift in Sources */,
				E2DD7BE31D2E964900414779 /* DiaryRepository.swift in Sources */,
				E2FEFEA01D2AF0630071C358 /* Contact.swift in Sources */,
				E25453DB1D2EFD3600D8F133 /* DiaryViewController.swift in Sources */,
				E2FEFE6A1D2AEEA50071C358 /* AppDelegate.swift in Sources */,
				E2D7765C1D2E9DCD00C5C157 /* MockDiaryRepository.swift in Sources */,
				E2CE08881D2FB89100DF0FAB /* TBDelegate.swift in Sources */,
				E22A93F11D2BDBED001C027C /* ContactPresenter.swift in Sources */,
				E2DD7BE01D2E947200414779 /* UseCases.swift in Sources */,
				E2DD7BDE1D2E942C00414779 /* CreateContact.swift in Sources */,
				E2DD7BDC1D2E940A00414779 /* GetAllContacts.swift in Sources */,
			);
			runOnlyForDeploymentPostprocessing = 0;
		};
		E2FEFE781D2AEEA50071C358 /* Sources */ = {
			isa = PBXSourcesBuildPhase;
			buildActionMask = 2147483647;
			files = (
				E2FEFE811D2AEEA50071C358 /* Kata_Contacts_Swift_UITests.swift in Sources */,
			);
			runOnlyForDeploymentPostprocessing = 0;
		};
		E2FEFE831D2AEEA50071C358 /* Sources */ = {
			isa = PBXSourcesBuildPhase;
			buildActionMask = 2147483647;
			files = (
				E2FEFE8C1D2AEEA50071C358 /* Kata_Contacts_Swift_UIUITests.swift in Sources */,
			);
			runOnlyForDeploymentPostprocessing = 0;
		};
/* End PBXSourcesBuildPhase section */

/* Begin PBXTargetDependency section */
		E2FEFE7E1D2AEEA50071C358 /* PBXTargetDependency */ = {
			isa = PBXTargetDependency;
			target = E2FEFE651D2AEEA50071C358 /* Kata-Contacts-Swift-UI */;
			targetProxy = E2FEFE7D1D2AEEA50071C358 /* PBXContainerItemProxy */;
		};
		E2FEFE891D2AEEA50071C358 /* PBXTargetDependency */ = {
			isa = PBXTargetDependency;
			target = E2FEFE651D2AEEA50071C358 /* Kata-Contacts-Swift-UI */;
			targetProxy = E2FEFE881D2AEEA50071C358 /* PBXContainerItemProxy */;
		};
/* End PBXTargetDependency section */

/* Begin PBXVariantGroup section */
		E2FEFE6F1D2AEEA50071C358 /* Main.storyboard */ = {
			isa = PBXVariantGroup;
			children = (
				E2FEFE701D2AEEA50071C358 /* Base */,
			);
			name = Main.storyboard;
			sourceTree = "<group>";
		};
		E2FEFE741D2AEEA50071C358 /* LaunchScreen.storyboard */ = {
			isa = PBXVariantGroup;
			children = (
				E2FEFE751D2AEEA50071C358 /* Base */,
			);
			name = LaunchScreen.storyboard;
			sourceTree = "<group>";
		};
/* End PBXVariantGroup section */

/* Begin XCBuildConfiguration section */
		E2FEFE8E1D2AEEA50071C358 /* Debug */ = {
			isa = XCBuildConfiguration;
			buildSettings = {
				ALWAYS_SEARCH_USER_PATHS = NO;
				CLANG_ANALYZER_NONNULL = YES;
				CLANG_CXX_LANGUAGE_STANDARD = "gnu++0x";
				CLANG_CXX_LIBRARY = "libc++";
				CLANG_ENABLE_MODULES = YES;
				CLANG_ENABLE_OBJC_ARC = YES;
				CLANG_WARN_BOOL_CONVERSION = YES;
				CLANG_WARN_CONSTANT_CONVERSION = YES;
				CLANG_WARN_DIRECT_OBJC_ISA_USAGE = YES_ERROR;
				CLANG_WARN_EMPTY_BODY = YES;
				CLANG_WARN_ENUM_CONVERSION = YES;
				CLANG_WARN_INT_CONVERSION = YES;
				CLANG_WARN_OBJC_ROOT_CLASS = YES_ERROR;
				CLANG_WARN_UNREACHABLE_CODE = YES;
				CLANG_WARN__DUPLICATE_METHOD_MATCH = YES;
				"CODE_SIGN_IDENTITY[sdk=iphoneos*]" = "iPhone Developer";
				COPY_PHASE_STRIP = NO;
				DEBUG_INFORMATION_FORMAT = dwarf;
				ENABLE_STRICT_OBJC_MSGSEND = YES;
				ENABLE_TESTABILITY = YES;
				GCC_C_LANGUAGE_STANDARD = gnu99;
				GCC_DYNAMIC_NO_PIC = NO;
				GCC_NO_COMMON_BLOCKS = YES;
				GCC_OPTIMIZATION_LEVEL = 0;
				GCC_PREPROCESSOR_DEFINITIONS = (
					"DEBUG=1",
					"$(inherited)",
				);
				GCC_WARN_64_TO_32_BIT_CONVERSION = YES;
				GCC_WARN_ABOUT_RETURN_TYPE = YES_ERROR;
				GCC_WARN_UNDECLARED_SELECTOR = YES;
				GCC_WARN_UNINITIALIZED_AUTOS = YES_AGGRESSIVE;
				GCC_WARN_UNUSED_FUNCTION = YES;
				GCC_WARN_UNUSED_VARIABLE = YES;
				IPHONEOS_DEPLOYMENT_TARGET = 9.3;
				MTL_ENABLE_DEBUG_INFO = YES;
				ONLY_ACTIVE_ARCH = YES;
				SDKROOT = iphoneos;
				SWIFT_OPTIMIZATION_LEVEL = "-Onone";
			};
			name = Debug;
		};
		E2FEFE8F1D2AEEA50071C358 /* Release */ = {
			isa = XCBuildConfiguration;
			buildSettings = {
				ALWAYS_SEARCH_USER_PATHS = NO;
				CLANG_ANALYZER_NONNULL = YES;
				CLANG_CXX_LANGUAGE_STANDARD = "gnu++0x";
				CLANG_CXX_LIBRARY = "libc++";
				CLANG_ENABLE_MODULES = YES;
				CLANG_ENABLE_OBJC_ARC = YES;
				CLANG_WARN_BOOL_CONVERSION = YES;
				CLANG_WARN_CONSTANT_CONVERSION = YES;
				CLANG_WARN_DIRECT_OBJC_ISA_USAGE = YES_ERROR;
				CLANG_WARN_EMPTY_BODY = YES;
				CLANG_WARN_ENUM_CONVERSION = YES;
				CLANG_WARN_INT_CONVERSION = YES;
				CLANG_WARN_OBJC_ROOT_CLASS = YES_ERROR;
				CLANG_WARN_UNREACHABLE_CODE = YES;
				CLANG_WARN__DUPLICATE_METHOD_MATCH = YES;
				"CODE_SIGN_IDENTITY[sdk=iphoneos*]" = "iPhone Developer";
				COPY_PHASE_STRIP = NO;
				DEBUG_INFORMATION_FORMAT = "dwarf-with-dsym";
				ENABLE_NS_ASSERTIONS = NO;
				ENABLE_STRICT_OBJC_MSGSEND = YES;
				GCC_C_LANGUAGE_STANDARD = gnu99;
				GCC_NO_COMMON_BLOCKS = YES;
				GCC_WARN_64_TO_32_BIT_CONVERSION = YES;
				GCC_WARN_ABOUT_RETURN_TYPE = YES_ERROR;
				GCC_WARN_UNDECLARED_SELECTOR = YES;
				GCC_WARN_UNINITIALIZED_AUTOS = YES_AGGRESSIVE;
				GCC_WARN_UNUSED_FUNCTION = YES;
				GCC_WARN_UNUSED_VARIABLE = YES;
				IPHONEOS_DEPLOYMENT_TARGET = 9.3;
				MTL_ENABLE_DEBUG_INFO = NO;
				SDKROOT = iphoneos;
				VALIDATE_PRODUCT = YES;
			};
			name = Release;
		};
		E2FEFE911D2AEEA50071C358 /* Debug */ = {
			isa = XCBuildConfiguration;
			buildSettings = {
				ASSETCATALOG_COMPILER_APPICON_NAME = AppIcon;
				INFOPLIST_FILE = "Kata-Contacts-Swift-UI/Info.plist";
				LD_RUNPATH_SEARCH_PATHS = "$(inherited) @executable_path/Frameworks";
				PRODUCT_BUNDLE_IDENTIFIER = "com.conradomateu.Kata-Contacts-Swift-UI";
				PRODUCT_NAME = "$(TARGET_NAME)";
			};
			name = Debug;
		};
		E2FEFE921D2AEEA50071C358 /* Release */ = {
			isa = XCBuildConfiguration;
			buildSettings = {
				ASSETCATALOG_COMPILER_APPICON_NAME = AppIcon;
				INFOPLIST_FILE = "Kata-Contacts-Swift-UI/Info.plist";
				LD_RUNPATH_SEARCH_PATHS = "$(inherited) @executable_path/Frameworks";
				PRODUCT_BUNDLE_IDENTIFIER = "com.conradomateu.Kata-Contacts-Swift-UI";
				PRODUCT_NAME = "$(TARGET_NAME)";
			};
			name = Release;
		};
		E2FEFE941D2AEEA50071C358 /* Debug */ = {
			isa = XCBuildConfiguration;
			buildSettings = {
				BUNDLE_LOADER = "$(TEST_HOST)";
				INFOPLIST_FILE = "Kata-Contacts-Swift-UITests/Info.plist";
				LD_RUNPATH_SEARCH_PATHS = "$(inherited) @executable_path/Frameworks @loader_path/Frameworks";
				PRODUCT_BUNDLE_IDENTIFIER = "com.conradomateu.Kata-Contacts-Swift-UITests";
				PRODUCT_NAME = "$(TARGET_NAME)";
				TEST_HOST = "$(BUILT_PRODUCTS_DIR)/Kata-Contacts-Swift-UI.app/Kata-Contacts-Swift-UI";
			};
			name = Debug;
		};
		E2FEFE951D2AEEA50071C358 /* Release */ = {
			isa = XCBuildConfiguration;
			buildSettings = {
				BUNDLE_LOADER = "$(TEST_HOST)";
				INFOPLIST_FILE = "Kata-Contacts-Swift-UITests/Info.plist";
				LD_RUNPATH_SEARCH_PATHS = "$(inherited) @executable_path/Frameworks @loader_path/Frameworks";
				PRODUCT_BUNDLE_IDENTIFIER = "com.conradomateu.Kata-Contacts-Swift-UITests";
				PRODUCT_NAME = "$(TARGET_NAME)";
				TEST_HOST = "$(BUILT_PRODUCTS_DIR)/Kata-Contacts-Swift-UI.app/Kata-Contacts-Swift-UI";
			};
			name = Release;
		};
		E2FEFE971D2AEEA50071C358 /* Debug */ = {
			isa = XCBuildConfiguration;
			buildSettings = {
				INFOPLIST_FILE = "Kata-Contacts-Swift-UIUITests/Info.plist";
				LD_RUNPATH_SEARCH_PATHS = "$(inherited) @executable_path/Frameworks @loader_path/Frameworks";
				PRODUCT_BUNDLE_IDENTIFIER = "com.conradomateu.Kata-Contacts-Swift-UIUITests";
				PRODUCT_NAME = "$(TARGET_NAME)";
				TEST_TARGET_NAME = "Kata-Contacts-Swift-UI";
			};
			name = Debug;
		};
		E2FEFE981D2AEEA50071C358 /* Release */ = {
			isa = XCBuildConfiguration;
			buildSettings = {
				INFOPLIST_FILE = "Kata-Contacts-Swift-UIUITests/Info.plist";
				LD_RUNPATH_SEARCH_PATHS = "$(inherited) @executable_path/Frameworks @loader_path/Frameworks";
				PRODUCT_BUNDLE_IDENTIFIER = "com.conradomateu.Kata-Contacts-Swift-UIUITests";
				PRODUCT_NAME = "$(TARGET_NAME)";
				TEST_TARGET_NAME = "Kata-Contacts-Swift-UI";
			};
			name = Release;
		};
/* End XCBuildConfiguration section */

/* Begin XCConfigurationList section */
		E2FEFE611D2AEEA50071C358 /* Build configuration list for PBXProject "Kata-Contacts-Swift-UI" */ = {
			isa = XCConfigurationList;
			buildConfigurations = (
				E2FEFE8E1D2AEEA50071C358 /* Debug */,
				E2FEFE8F1D2AEEA50071C358 /* Release */,
			);
			defaultConfigurationIsVisible = 0;
			defaultConfigurationName = Release;
		};
		E2FEFE901D2AEEA50071C358 /* Build configuration list for PBXNativeTarget "Kata-Contacts-Swift-UI" */ = {
			isa = XCConfigurationList;
			buildConfigurations = (
				E2FEFE911D2AEEA50071C358 /* Debug */,
				E2FEFE921D2AEEA50071C358 /* Release */,
			);
			defaultConfigurationIsVisible = 0;
			defaultConfigurationName = Release;
		};
		E2FEFE931D2AEEA50071C358 /* Build configuration list for PBXNativeTarget "Kata-Contacts-Swift-UITests" */ = {
			isa = XCConfigurationList;
			buildConfigurations = (
				E2FEFE941D2AEEA50071C358 /* Debug */,
				E2FEFE951D2AEEA50071C358 /* Release */,
			);
			defaultConfigurationIsVisible = 0;
			defaultConfigurationName = Release;
		};
		E2FEFE961D2AEEA50071C358 /* Build configuration list for PBXNativeTarget "Kata-Contacts-Swift-UIUITests" */ = {
			isa = XCConfigurationList;
			buildConfigurations = (
				E2FEFE971D2AEEA50071C358 /* Debug */,
				E2FEFE981D2AEEA50071C358 /* Release */,
			);
			defaultConfigurationIsVisible = 0;
			defaultConfigurationName = Release;
		};
/* End XCConfigurationList section */
	};
	rootObject = E2FEFE5E1D2AEEA50071C358 /* Project object */;
}
